
Microsoft Visual Studio Solution File, Format Version 12.00
Project("{2150E333-8FDC-42A3-9474-1A3956D46DE8}") = "Modules", "Modules", "{B6CC1D61-B55B-432F-B3E7-0F4A5B1D75A3}"
EndProject
Project("{2150E333-8FDC-42A3-9474-1A3956D46DE8}") = "Bootstrapper", "Bootstrapper", "{E8E9C315-CF6B-4D91-AEF1-3DA8AAA24F9C}"
EndProject
Project("{2150E333-8FDC-42A3-9474-1A3956D46DE8}") = "Shared", "Shared", "{F2FED023-41A0-4280-87D1-DDFFC33E359C}"
EndProject
Project("{FAE04EC0-301F-11D3-BF4B-00C04F79EFBC}") = "Api", "Api\Api.csproj", "{D3862800-DE36-4E0F-9F65-3496980233FE}"
EndProject
Project("{FAE04EC0-301F-11D3-BF4B-00C04F79EFBC}") = "Shared", "Shared\Shared.csproj", "{F59CA0A5-49AE-4589-B212-54BFE9067E67}"
EndProject
Project("{FAE04EC0-301F-11D3-BF4B-00C04F79EFBC}") = "Projects", "Projects\Projects.csproj", "{C4087EB1-8F71-4016-816F-233C83216FEA}"
EndProject
Project("{2150E333-8FDC-42A3-9474-1A3956D46DE8}") = "Migrations", "Migrations", "{1C02AD14-D939-4D48-8A74-DCF7B56E0E1C}"
EndProject
Project("{FAE04EC0-301F-11D3-BF4B-00C04F79EFBC}") = "MigrationRunner", "MigrationRunner\MigrationRunner.csproj", "{A99EB1B1-EDEF-4913-9D6C-CF6135B2AF11}"
EndProject
Project("{2150E333-8FDC-42A3-9474-1A3956D46DE8}") = "Docker", "Docker", "{374BA4D0-E56C-45A3-BF17-D60916805335}"
	ProjectSection(SolutionItems) = preProject
		Dbcompose.yaml = Dbcompose.yaml
	EndProjectSection
EndProject
Project("{2150E333-8FDC-42A3-9474-1A3956D46DE8}") = "ProjectsModule", "ProjectsModule", "{D94F307A-F75C-4A47-9894-01ED6F50B1A1}"
EndProject
Project("{FAE04EC0-301F-11D3-BF4B-00C04F79EFBC}") = "Projects.Tests", "Projects.Tests\Projects.Tests.csproj", "{52A5257C-8433-4467-9D22-38A23D5CE65C}"
EndProject
Project("{FAE04EC0-301F-11D3-BF4B-00C04F79EFBC}") = "Shared.Tests", "Shared.Tests\Shared.Tests.csproj", "{983E116D-81C4-49DE-9D5D-843B667ED664}"
EndProject
Project("{2150E333-8FDC-42A3-9474-1A3956D46DE8}") = "SettingsModule", "SettingsModule", "{E84D4FF8-4579-4606-85B4-FF204125D8F0}"
EndProject
Project("{FAE04EC0-301F-11D3-BF4B-00C04F79EFBC}") = "Settings", "Settings\Settings.csproj", "{490E098B-9CC9-415D-A36F-397BDA0B7980}"
EndProject
Project("{FAE04EC0-301F-11D3-BF4B-00C04F79EFBC}") = "Settings.Tests", "Settings.Tests\Settings.Tests.csproj", "{AF1B99F0-B583-4D50-BDFA-1BCD643FF889}"
EndProject
Project("{2150E333-8FDC-42A3-9474-1A3956D46DE8}") = "ProjectVersionsModule", "ProjectVersionsModule", "{59C7AECB-7B5D-4103-8DBB-63A7C7107EB1}"
EndProject
Project("{FAE04EC0-301F-11D3-BF4B-00C04F79EFBC}") = "ProjectVersions", "ProjectVersions\ProjectVersions.csproj", "{FBE38CD8-D499-4016-B7C5-1A69B966CF57}"
EndProject
Project("{2150E333-8FDC-42A3-9474-1A3956D46DE8}") = "TracesModule", "TracesModule", "{E013CA95-71B3-471A-B126-DA7DAFAF334C}"
EndProject
Project("{FAE04EC0-301F-11D3-BF4B-00C04F79EFBC}") = "Traces", "Traces\Traces.csproj", "{E4120480-1719-4C86-BEB4-88BFCE562573}"
EndProject
Project("{FAE04EC0-301F-11D3-BF4B-00C04F79EFBC}") = "Traces.Tests", "Traces.Tests\Traces.Tests.csproj", "{1B68CB02-47F2-4028-8239-642EC0961318}"
EndProject
Project("{FAE04EC0-301F-11D3-BF4B-00C04F79EFBC}") = "Projects.Contracts", "Projects.Contracts\Projects.Contracts.csproj", "{3E1AB544-7B3F-4373-A268-37829C7C861A}"
EndProject
Project("{FAE04EC0-301F-11D3-BF4B-00C04F79EFBC}") = "ProjectVersions.Tests", "ProjectVersions.Tests\ProjectVersions.Tests.csproj", "{54FF6747-13E3-4C4A-B5E5-BEC6419DC850}"
EndProject
Project("{FAE04EC0-301F-11D3-BF4B-00C04F79EFBC}") = "ProjectVersions.Contracts", "ProjectVersions.Contracts\ProjectVersions.Contracts.csproj", "{D19D5A49-BE95-40E6-B2AD-7C25034E9CA8}"
EndProject
Project("{FAE04EC0-301F-11D3-BF4B-00C04F79EFBC}") = "AssessmentCriteria", "AssessmentCriteria\AssessmentCriteria.csproj", "{CF7012D0-5CAA-48B1-8978-F027CE0379C8}"
EndProject
Project("{FAE04EC0-301F-11D3-BF4B-00C04F79EFBC}") = "AssessmentCriteria.Contracts", "AssessmentCriteria.Contracts\AssessmentCriteria.Contracts.csproj", "{3998E4F3-C13C-44F3-A147-267FA75B02D7}"
EndProject
Project("{FAE04EC0-301F-11D3-BF4B-00C04F79EFBC}") = "Traces.Contracts", "Traces.Contracts\Traces.Contracts.csproj", "{DC71171B-65D3-4986-9F6C-F42E843DF245}"
EndProject
Project("{2150E333-8FDC-42A3-9474-1A3956D46DE8}") = "AssessmentCriteriaModule", "AssessmentCriteriaModule", "{1301C4B4-FD10-48A4-807F-B1760CCC86CC}"
EndProject
Project("{FAE04EC0-301F-11D3-BF4B-00C04F79EFBC}") = "AssessmentCriteria.Tests", "AssessmentCriteria.Tests\AssessmentCriteria.Tests.csproj", "{7E5CA88A-89A9-4B2B-9C79-40987FF1E515}"
EndProject
Project("{2150E333-8FDC-42A3-9474-1A3956D46DE8}") = "StatisticsModule", "StatisticsModule", "{3BA014D6-B051-4536-9AFF-BA6E5BB0A4D5}"
EndProject
Project("{FAE04EC0-301F-11D3-BF4B-00C04F79EFBC}") = "Statistics", "Statistics\Statistics.csproj", "{63C73793-FE45-4C99-9282-AAC298BDE878}"
EndProject
Project("{FAE04EC0-301F-11D3-BF4B-00C04F79EFBC}") = "Statistics.Tests", "Statistics.Tests\Statistics.Tests.csproj", "{A56C2B64-9496-4A0F-82BB-8E365A42BF6A}"
EndProject
Project("{2150E333-8FDC-42A3-9474-1A3956D46DE8}") = "StatisticsModule", "StatisticsModule", "{7AC85064-1B17-48EB-8EF3-25A2943ECB18}"
EndProject
Project("{2150E333-8FDC-42A3-9474-1A3956D46DE8}") = "AxialCodesModule", "AxialCodesModule", "{F7724150-20BA-46DB-B0A3-381CBC56D451}"
EndProject
Project("{FAE04EC0-301F-11D3-BF4B-00C04F79EFBC}") = "AxialCodes", "AxialCodes\AxialCodes.csproj", "{A6A22A26-908D-4939-B2B6-3D0810DB41E8}"
EndProject
Project("{FAE04EC0-301F-11D3-BF4B-00C04F79EFBC}") = "AxialCodes.Tests", "AxialCodes.Tests\AxialCodes.Tests.csproj", "{267BB5AE-6190-45A0-BE76-6B16C419C4DE}"
EndProject
Project("{FAE04EC0-301F-11D3-BF4B-00C04F79EFBC}") = "AxialCodes.Contracts", "AxialCodes.Contracts\AxialCodes.Contracts.csproj", "{B76DC3F0-34DB-4C51-9E2E-3D74C7CB1241}"
EndProject
Project("{FAE04EC0-301F-11D3-BF4B-00C04F79EFBC}") = "Settings.Contracts", "Settings.Contracts\Settings.Contracts.csproj", "{FF1367A5-FF48-46CA-95D2-412E8FDC63D6}"
EndProject
Project("{2150E333-8FDC-42A3-9474-1A3956D46DE8}") = "JudgeTemplatesModule", "JudgeTemplatesModule", "{B8B9DD03-929D-4E76-B79F-055039C58C08}"
EndProject
Project("{FAE04EC0-301F-11D3-BF4B-00C04F79EFBC}") = "JudgeTemplates", "JudgeTemplates\JudgeTemplates.csproj", "{F03F6675-B660-4CD2-AD62-AC318B5A7500}"
EndProject
Project("{FAE04EC0-301F-11D3-BF4B-00C04F79EFBC}") = "JudgeTemplates.Contracts", "JudgeTemplates.Contracts\JudgeTemplates.Contracts.csproj", "{2A3B4C5D-6E7F-8A9B-0C1D-2E3F4A5B6C7D}"
EndProject

Project("{FAE04EC0-301F-11D3-BF4B-00C04F79EFBC}") = "JudgeTemplates.Tests", "JudgeTemplates.Tests\JudgeTemplates.Tests.csproj", "{9C45D7FC-9FB6-4793-BBC3-4AD0F1F5ECED}"
EndProject
Global
	GlobalSection(SolutionConfigurationPlatforms) = preSolution
		Debug|Any CPU = Debug|Any CPU
		Release|Any CPU = Release|Any CPU
	EndGlobalSection
	GlobalSection(ProjectConfigurationPlatforms) = postSolution
		{D3862800-DE36-4E0F-9F65-3496980233FE}.Debug|Any CPU.ActiveCfg = Debug|Any CPU
		{D3862800-DE36-4E0F-9F65-3496980233FE}.Debug|Any CPU.Build.0 = Debug|Any CPU
		{D3862800-DE36-4E0F-9F65-3496980233FE}.Release|Any CPU.ActiveCfg = Release|Any CPU
		{D3862800-DE36-4E0F-9F65-3496980233FE}.Release|Any CPU.Build.0 = Release|Any CPU
		{F59CA0A5-49AE-4589-B212-54BFE9067E67}.Debug|Any CPU.ActiveCfg = Debug|Any CPU
		{F59CA0A5-49AE-4589-B212-54BFE9067E67}.Debug|Any CPU.Build.0 = Debug|Any CPU
		{F59CA0A5-49AE-4589-B212-54BFE9067E67}.Release|Any CPU.ActiveCfg = Release|Any CPU
		{F59CA0A5-49AE-4589-B212-54BFE9067E67}.Release|Any CPU.Build.0 = Release|Any CPU
		{C4087EB1-8F71-4016-816F-233C83216FEA}.Debug|Any CPU.ActiveCfg = Debug|Any CPU
		{C4087EB1-8F71-4016-816F-233C83216FEA}.Debug|Any CPU.Build.0 = Debug|Any CPU
		{C4087EB1-8F71-4016-816F-233C83216FEA}.Release|Any CPU.ActiveCfg = Release|Any CPU
		{C4087EB1-8F71-4016-816F-233C83216FEA}.Release|Any CPU.Build.0 = Release|Any CPU
		{A99EB1B1-EDEF-4913-9D6C-CF6135B2AF11}.Debug|Any CPU.ActiveCfg = Debug|Any CPU
		{A99EB1B1-EDEF-4913-9D6C-CF6135B2AF11}.Debug|Any CPU.Build.0 = Debug|Any CPU
		{A99EB1B1-EDEF-4913-9D6C-CF6135B2AF11}.Release|Any CPU.ActiveCfg = Release|Any CPU
		{A99EB1B1-EDEF-4913-9D6C-CF6135B2AF11}.Release|Any CPU.Build.0 = Release|Any CPU
		{52A5257C-8433-4467-9D22-38A23D5CE65C}.Debug|Any CPU.ActiveCfg = Debug|Any CPU
		{52A5257C-8433-4467-9D22-38A23D5CE65C}.Debug|Any CPU.Build.0 = Debug|Any CPU
		{52A5257C-8433-4467-9D22-38A23D5CE65C}.Release|Any CPU.ActiveCfg = Release|Any CPU
		{52A5257C-8433-4467-9D22-38A23D5CE65C}.Release|Any CPU.Build.0 = Release|Any CPU
		{983E116D-81C4-49DE-9D5D-843B667ED664}.Debug|Any CPU.ActiveCfg = Debug|Any CPU
		{983E116D-81C4-49DE-9D5D-843B667ED664}.Debug|Any CPU.Build.0 = Debug|Any CPU
		{983E116D-81C4-49DE-9D5D-843B667ED664}.Release|Any CPU.ActiveCfg = Release|Any CPU
		{983E116D-81C4-49DE-9D5D-843B667ED664}.Release|Any CPU.Build.0 = Release|Any CPU
		{490E098B-9CC9-415D-A36F-397BDA0B7980}.Debug|Any CPU.ActiveCfg = Debug|Any CPU
		{490E098B-9CC9-415D-A36F-397BDA0B7980}.Debug|Any CPU.Build.0 = Debug|Any CPU
		{490E098B-9CC9-415D-A36F-397BDA0B7980}.Release|Any CPU.ActiveCfg = Release|Any CPU
		{490E098B-9CC9-415D-A36F-397BDA0B7980}.Release|Any CPU.Build.0 = Release|Any CPU
		{AF1B99F0-B583-4D50-BDFA-1BCD643FF889}.Debug|Any CPU.ActiveCfg = Debug|Any CPU
		{AF1B99F0-B583-4D50-BDFA-1BCD643FF889}.Debug|Any CPU.Build.0 = Debug|Any CPU
		{AF1B99F0-B583-4D50-BDFA-1BCD643FF889}.Release|Any CPU.ActiveCfg = Release|Any CPU
		{AF1B99F0-B583-4D50-BDFA-1BCD643FF889}.Release|Any CPU.Build.0 = Release|Any CPU
		{FBE38CD8-D499-4016-B7C5-1A69B966CF57}.Debug|Any CPU.ActiveCfg = Debug|Any CPU
		{FBE38CD8-D499-4016-B7C5-1A69B966CF57}.Debug|Any CPU.Build.0 = Debug|Any CPU
		{FBE38CD8-D499-4016-B7C5-1A69B966CF57}.Release|Any CPU.ActiveCfg = Release|Any CPU
		{FBE38CD8-D499-4016-B7C5-1A69B966CF57}.Release|Any CPU.Build.0 = Release|Any CPU
		{E4120480-1719-4C86-BEB4-88BFCE562573}.Debug|Any CPU.ActiveCfg = Debug|Any CPU
		{E4120480-1719-4C86-BEB4-88BFCE562573}.Debug|Any CPU.Build.0 = Debug|Any CPU
		{E4120480-1719-4C86-BEB4-88BFCE562573}.Release|Any CPU.ActiveCfg = Release|Any CPU
		{E4120480-1719-4C86-BEB4-88BFCE562573}.Release|Any CPU.Build.0 = Release|Any CPU
		{1B68CB02-47F2-4028-8239-642EC0961318}.Debug|Any CPU.ActiveCfg = Debug|Any CPU
		{1B68CB02-47F2-4028-8239-642EC0961318}.Debug|Any CPU.Build.0 = Debug|Any CPU
		{1B68CB02-47F2-4028-8239-642EC0961318}.Release|Any CPU.ActiveCfg = Release|Any CPU
		{1B68CB02-47F2-4028-8239-642EC0961318}.Release|Any CPU.Build.0 = Release|Any CPU
		{3E1AB544-7B3F-4373-A268-37829C7C861A}.Debug|Any CPU.ActiveCfg = Debug|Any CPU
		{3E1AB544-7B3F-4373-A268-37829C7C861A}.Debug|Any CPU.Build.0 = Debug|Any CPU
		{3E1AB544-7B3F-4373-A268-37829C7C861A}.Release|Any CPU.ActiveCfg = Release|Any CPU
		{3E1AB544-7B3F-4373-A268-37829C7C861A}.Release|Any CPU.Build.0 = Release|Any CPU
		{54FF6747-13E3-4C4A-B5E5-BEC6419DC850}.Debug|Any CPU.ActiveCfg = Debug|Any CPU
		{54FF6747-13E3-4C4A-B5E5-BEC6419DC850}.Debug|Any CPU.Build.0 = Debug|Any CPU
		{54FF6747-13E3-4C4A-B5E5-BEC6419DC850}.Release|Any CPU.ActiveCfg = Release|Any CPU
		{54FF6747-13E3-4C4A-B5E5-BEC6419DC850}.Release|Any CPU.Build.0 = Release|Any CPU
		{D19D5A49-BE95-40E6-B2AD-7C25034E9CA8}.Debug|Any CPU.ActiveCfg = Debug|Any CPU
		{D19D5A49-BE95-40E6-B2AD-7C25034E9CA8}.Debug|Any CPU.Build.0 = Debug|Any CPU
		{D19D5A49-BE95-40E6-B2AD-7C25034E9CA8}.Release|Any CPU.ActiveCfg = Release|Any CPU
		{D19D5A49-BE95-40E6-B2AD-7C25034E9CA8}.Release|Any CPU.Build.0 = Release|Any CPU
		{CF7012D0-5CAA-48B1-8978-F027CE0379C8}.Debug|Any CPU.ActiveCfg = Debug|Any CPU
		{CF7012D0-5CAA-48B1-8978-F027CE0379C8}.Debug|Any CPU.Build.0 = Debug|Any CPU
		{CF7012D0-5CAA-48B1-8978-F027CE0379C8}.Release|Any CPU.ActiveCfg = Release|Any CPU
		{CF7012D0-5CAA-48B1-8978-F027CE0379C8}.Release|Any CPU.Build.0 = Release|Any CPU
		{3998E4F3-C13C-44F3-A147-267FA75B02D7}.Debug|Any CPU.ActiveCfg = Debug|Any CPU
		{3998E4F3-C13C-44F3-A147-267FA75B02D7}.Debug|Any CPU.Build.0 = Debug|Any CPU
		{3998E4F3-C13C-44F3-A147-267FA75B02D7}.Release|Any CPU.ActiveCfg = Release|Any CPU
		{3998E4F3-C13C-44F3-A147-267FA75B02D7}.Release|Any CPU.Build.0 = Release|Any CPU
		{DC71171B-65D3-4986-9F6C-F42E843DF245}.Debug|Any CPU.ActiveCfg = Debug|Any CPU
		{DC71171B-65D3-4986-9F6C-F42E843DF245}.Debug|Any CPU.Build.0 = Debug|Any CPU
		{DC71171B-65D3-4986-9F6C-F42E843DF245}.Release|Any CPU.ActiveCfg = Release|Any CPU
		{DC71171B-65D3-4986-9F6C-F42E843DF245}.Release|Any CPU.Build.0 = Release|Any CPU
		{7E5CA88A-89A9-4B2B-9C79-40987FF1E515}.Debug|Any CPU.ActiveCfg = Debug|Any CPU
		{7E5CA88A-89A9-4B2B-9C79-40987FF1E515}.Debug|Any CPU.Build.0 = Debug|Any CPU
		{7E5CA88A-89A9-4B2B-9C79-40987FF1E515}.Release|Any CPU.ActiveCfg = Release|Any CPU
		{7E5CA88A-89A9-4B2B-9C79-40987FF1E515}.Release|Any CPU.Build.0 = Release|Any CPU
		{A6A22A26-908D-4939-B2B6-3D0810DB41E8}.Debug|Any CPU.ActiveCfg = Debug|Any CPU
		{A6A22A26-908D-4939-B2B6-3D0810DB41E8}.Debug|Any CPU.Build.0 = Debug|Any CPU
		{A6A22A26-908D-4939-B2B6-3D0810DB41E8}.Release|Any CPU.ActiveCfg = Release|Any CPU
		{A6A22A26-908D-4939-B2B6-3D0810DB41E8}.Release|Any CPU.Build.0 = Release|Any CPU
		{267BB5AE-6190-45A0-BE76-6B16C419C4DE}.Debug|Any CPU.ActiveCfg = Debug|Any CPU
		{267BB5AE-6190-45A0-BE76-6B16C419C4DE}.Debug|Any CPU.Build.0 = Debug|Any CPU
		{267BB5AE-6190-45A0-BE76-6B16C419C4DE}.Release|Any CPU.ActiveCfg = Release|Any CPU
		{267BB5AE-6190-45A0-BE76-6B16C419C4DE}.Release|Any CPU.Build.0 = Release|Any CPU
		{FF1367A5-FF48-46CA-95D2-412E8FDC63D6}.Debug|Any CPU.ActiveCfg = Debug|Any CPU
		{FF1367A5-FF48-46CA-95D2-412E8FDC63D6}.Debug|Any CPU.Build.0 = Debug|Any CPU
		{FF1367A5-FF48-46CA-95D2-412E8FDC63D6}.Release|Any CPU.ActiveCfg = Release|Any CPU
		{FF1367A5-FF48-46CA-95D2-412E8FDC63D6}.Release|Any CPU.Build.0 = Release|Any CPU
		{B76DC3F0-34DB-4C51-9E2E-3D74C7CB1241}.Debug|Any CPU.ActiveCfg = Debug|Any CPU
		{B76DC3F0-34DB-4C51-9E2E-3D74C7CB1241}.Debug|Any CPU.Build.0 = Debug|Any CPU
		{B76DC3F0-34DB-4C51-9E2E-3D74C7CB1241}.Release|Any CPU.ActiveCfg = Release|Any CPU
		{B76DC3F0-34DB-4C51-9E2E-3D74C7CB1241}.Release|Any CPU.Build.0 = Release|Any CPU
		{A4D7F5F8-B7E1-492B-BD13-14C52AFF6EC2}.Debug|Any CPU.ActiveCfg = Debug|Any CPU
		{A4D7F5F8-B7E1-492B-BD13-14C52AFF6EC2}.Debug|Any CPU.Build.0 = Debug|Any CPU
		{63C73793-FE45-4C99-9282-AAC298BDE878}.Debug|Any CPU.ActiveCfg = Debug|Any CPU
		{63C73793-FE45-4C99-9282-AAC298BDE878}.Debug|Any CPU.Build.0 = Debug|Any CPU
		{A56C2B64-9496-4A0F-82BB-8E365A42BF6A}.Debug|Any CPU.ActiveCfg = Debug|Any CPU
		{A56C2B64-9496-4A0F-82BB-8E365A42BF6A}.Debug|Any CPU.Build.0 = Debug|Any CPU
		{A56C2B64-9496-4A0F-82BB-8E365A42BF6A}.Debug|Any CPU.ActiveCfg = Debug|Any CPU
		{A56C2B64-9496-4A0F-82BB-8E365A42BF6A}.Debug|Any CPU.Build.0 = Debug|Any CPU
		{F03F6675-B660-4CD2-AD62-AC318B5A7500}.Debug|Any CPU.ActiveCfg = Debug|Any CPU
		{F03F6675-B660-4CD2-AD62-AC318B5A7500}.Debug|Any CPU.Build.0 = Debug|Any CPU
		{F03F6675-B660-4CD2-AD62-AC318B5A7500}.Release|Any CPU.ActiveCfg = Release|Any CPU
		{F03F6675-B660-4CD2-AD62-AC318B5A7500}.Release|Any CPU.Build.0 = Release|Any CPU
		{9C45D7FC-9FB6-4793-BBC3-4AD0F1F5ECED}.Debug|Any CPU.ActiveCfg = Debug|Any CPU
		{9C45D7FC-9FB6-4793-BBC3-4AD0F1F5ECED}.Debug|Any CPU.Build.0 = Debug|Any CPU
		{9C45D7FC-9FB6-4793-BBC3-4AD0F1F5ECED}.Release|Any CPU.ActiveCfg = Release|Any CPU
		{9C45D7FC-9FB6-4793-BBC3-4AD0F1F5ECED}.Release|Any CPU.Build.0 = Release|Any CPU
	EndGlobalSection
	GlobalSection(NestedProjects) = preSolution
		{D3862800-DE36-4E0F-9F65-3496980233FE} = {E8E9C315-CF6B-4D91-AEF1-3DA8AAA24F9C}
		{F59CA0A5-49AE-4589-B212-54BFE9067E67} = {F2FED023-41A0-4280-87D1-DDFFC33E359C}
		{D94F307A-F75C-4A47-9894-01ED6F50B1A1} = {B6CC1D61-B55B-432F-B3E7-0F4A5B1D75A3}
		{C4087EB1-8F71-4016-816F-233C83216FEA} = {D94F307A-F75C-4A47-9894-01ED6F50B1A1}
		{52A5257C-8433-4467-9D22-38A23D5CE65C} = {D94F307A-F75C-4A47-9894-01ED6F50B1A1}
		{983E116D-81C4-49DE-9D5D-843B667ED664} = {F2FED023-41A0-4280-87D1-DDFFC33E359C}
		{C4087EB1-8F71-4016-816F-233C83216FEA} = {B6CC1D61-B55B-432F-B3E7-0F4A5B1D75A3}
		{A99EB1B1-EDEF-4913-9D6C-CF6135B2AF11} = {1C02AD14-D939-4D48-8A74-DCF7B56E0E1C}
		{59C7AECB-7B5D-4103-8DBB-63A7C7107EB1} = {B6CC1D61-B55B-432F-B3E7-0F4A5B1D75A3}
		{FBE38CD8-D499-4016-B7C5-1A69B966CF57} = {59C7AECB-7B5D-4103-8DBB-63A7C7107EB1}
		{E013CA95-71B3-471A-B126-DA7DAFAF334C} = {B6CC1D61-B55B-432F-B3E7-0F4A5B1D75A3}
		{E4120480-1719-4C86-BEB4-88BFCE562573} = {E013CA95-71B3-471A-B126-DA7DAFAF334C}
		{1B68CB02-47F2-4028-8239-642EC0961318} = {E013CA95-71B3-471A-B126-DA7DAFAF334C}
		{E84D4FF8-4579-4606-85B4-FF204125D8F0} = {B6CC1D61-B55B-432F-B3E7-0F4A5B1D75A3}
		{490E098B-9CC9-415D-A36F-397BDA0B7980} = {E84D4FF8-4579-4606-85B4-FF204125D8F0}
		{AF1B99F0-B583-4D50-BDFA-1BCD643FF889} = {E84D4FF8-4579-4606-85B4-FF204125D8F0}
		{3E1AB544-7B3F-4373-A268-37829C7C861A} = {D94F307A-F75C-4A47-9894-01ED6F50B1A1}
		{54FF6747-13E3-4C4A-B5E5-BEC6419DC850} = {59C7AECB-7B5D-4103-8DBB-63A7C7107EB1}
		{D19D5A49-BE95-40E6-B2AD-7C25034E9CA8} = {59C7AECB-7B5D-4103-8DBB-63A7C7107EB1}
		{1301C4B4-FD10-48A4-807F-B1760CCC86CC} = {B6CC1D61-B55B-432F-B3E7-0F4A5B1D75A3}
		{3998E4F3-C13C-44F3-A147-267FA75B02D7} = {1301C4B4-FD10-48A4-807F-B1760CCC86CC}
		{CF7012D0-5CAA-48B1-8978-F027CE0379C8} = {1301C4B4-FD10-48A4-807F-B1760CCC86CC}
		{DC71171B-65D3-4986-9F6C-F42E843DF245} = {E013CA95-71B3-471A-B126-DA7DAFAF334C}
		{7E5CA88A-89A9-4B2B-9C79-40987FF1E515} = {1301C4B4-FD10-48A4-807F-B1760CCC86CC}
		{7AC85064-1B17-48EB-8EF3-25A2943ECB18} = {B6CC1D61-B55B-432F-B3E7-0F4A5B1D75A3}
		{63C73793-FE45-4C99-9282-AAC298BDE878} = {7AC85064-1B17-48EB-8EF3-25A2943ECB18}
		{A56C2B64-9496-4A0F-82BB-8E365A42BF6A} = {7AC85064-1B17-48EB-8EF3-25A2943ECB18}
		{F7724150-20BA-46DB-B0A3-381CBC56D451} = {B6CC1D61-B55B-432F-B3E7-0F4A5B1D75A3}
		{A6A22A26-908D-4939-B2B6-3D0810DB41E8} = {F7724150-20BA-46DB-B0A3-381CBC56D451}
		{267BB5AE-6190-45A0-BE76-6B16C419C4DE} = {F7724150-20BA-46DB-B0A3-381CBC56D451}
		{B76DC3F0-34DB-4C51-9E2E-3D74C7CB1241} = {F7724150-20BA-46DB-B0A3-381CBC56D451}
		{FF1367A5-FF48-46CA-95D2-412E8FDC63D6} = {E84D4FF8-4579-4606-85B4-FF204125D8F0}
		{B8B9DD03-929D-4E76-B79F-055039C58C08} = {B6CC1D61-B55B-432F-B3E7-0F4A5B1D75A3}
		{F03F6675-B660-4CD2-AD62-AC318B5A7500} = {B8B9DD03-929D-4E76-B79F-055039C58C08}
		{9C45D7FC-9FB6-4793-BBC3-4AD0F1F5ECED} = {B8B9DD03-929D-4E76-B79F-055039C58C08}
		{2A3B4C5D-6E7F-8A9B-0C1D-2E3F4A5B6C7D} = {B8B9DD03-929D-4E76-B79F-055039C58C08}
	EndGlobalSection
EndGlobal
